
Microsoft Visual Studio Solution File, Format Version 12.00
# Visual Studio Version 17
VisualStudioVersion = 17.2.32630.192
MinimumVisualStudioVersion = 10.0.40219.1
Project("{FAE04EC0-301F-11D3-BF4B-00C04F79EFBC}") = "Rss feed winauth", "Rss feed winauth\Rss feed winauth.csproj", "{3ADF204D-AA42-40C8-94D6-39B76C261AF9}"
EndProject
Global
	GlobalSection(SolutionConfigurationPlatforms) = preSolution
		Debug|Any CPU = Debug|Any CPU
		Release|Any CPU = Release|Any CPU
	EndGlobalSection
	GlobalSection(ProjectConfigurationPlatforms) = postSolution
		{3ADF204D-AA42-40C8-94D6-39B76C261AF9}.Debug|Any CPU.ActiveCfg = Debug|Any CPU
		{3ADF204D-AA42-40C8-94D6-39B76C261AF9}.Debug|Any CPU.Build.0 = Debug|Any CPU
		{3ADF204D-AA42-40C8-94D6-39B76C261AF9}.Release|Any CPU.ActiveCfg = Release|Any CPU
		{3ADF204D-AA42-40C8-94D6-39B76C261AF9}.Release|Any CPU.Build.0 = Release|Any CPU
	EndGlobalSection
	GlobalSection(SolutionProperties) = preSolution
		HideSolutionNode = FALSE
	EndGlobalSection
	GlobalSection(ExtensibilityGlobals) = postSolution
		SolutionGuid = {64F007F9-74B0-4E5C-8F2F-1952B815B2EC}
	EndGlobalSection
EndGlobal
